
Microsoft Visual Studio Solution File, Format Version 12.00
# Visual Studio Version 17
VisualStudioVersion = 17.3.32825.248
MinimumVisualStudioVersion = 10.0.40219.1
Project("{FAE04EC0-301F-11D3-BF4B-00C04F79EFBC}") = "WebApi project", "WebApi project\WebApi project.csproj", "{CA2AFB3D-D671-4A39-9335-A4ED90451CA8}"
EndProject
Global
	GlobalSection(SolutionConfigurationPlatforms) = preSolution
		Debug|Any CPU = Debug|Any CPU
		Release|Any CPU = Release|Any CPU
	EndGlobalSection
	GlobalSection(ProjectConfigurationPlatforms) = postSolution
		{CA2AFB3D-D671-4A39-9335-A4ED90451CA8}.Debug|Any CPU.ActiveCfg = Debug|Any CPU
		{CA2AFB3D-D671-4A39-9335-A4ED90451CA8}.Debug|Any CPU.Build.0 = Debug|Any CPU
		{CA2AFB3D-D671-4A39-9335-A4ED90451CA8}.Release|Any CPU.ActiveCfg = Release|Any CPU
		{CA2AFB3D-D671-4A39-9335-A4ED90451CA8}.Release|Any CPU.Build.0 = Release|Any CPU
	EndGlobalSection
	GlobalSection(SolutionProperties) = preSolution
		HideSolutionNode = FALSE
	EndGlobalSection
	GlobalSection(ExtensibilityGlobals) = postSolution
		SolutionGuid = {B8219167-527A-46BC-BE50-D327FD69FF0D}
	EndGlobalSection
EndGlobal
